# THIS IS AN AUTOGENERATED FILE. DO NOT EDIT THIS FILE DIRECTLY.
# yarn lockfile v1


bobril@*:
  version "14.0.1"
  resolved "https://registry.yarnpkg.com/bobril/-/bobril-14.0.1.tgz#06e242557a8da3aaae192fe3c2bfb86f49534921"
  integrity sha512-BYWJHmI5eMdvvbMhvEO/hd9Qfd6WFgwJjs3QSWP7UDkNszNqhvqwctRQQTx6j/Zh1x/gWRPeIWPcR6jxmOsW+w==

bobril@^13.1.0:
  version "13.1.2"
  resolved "https://registry.yarnpkg.com/bobril/-/bobril-13.1.2.tgz#064ce345df69cdacda02abf39bcbfa409ec2d3c9"
  integrity sha512-CA3Uyk1FWFLxMD1dGS8OJYgA8ARdolg4VDjw2/jc70AtHR0n8D8hqL/4tvkJnUHiaQySnd2JORD/c5speK8LIQ==

bobx@^0.27.1:
  version "0.27.1"
  resolved "https://registry.yarnpkg.com/bobx/-/bobx-0.27.1.tgz#063226f35bb8f37bc7c1689c4d20c217700914f7"
  integrity sha512-yN5NBdlQIXZmlCxIRZES26iaZBq0FjpK3HyuvypCgPjPw/BDB2hBKwrtxN8pTKPutUhpN5rRvh5I0CZi7kiABA==
  dependencies:
    bobril "*"
