# THIS IS AN AUTOGENERATED FILE. DO NOT EDIT THIS FILE DIRECTLY.
# yarn lockfile v1


argparse@~0.1.15:
  version "0.1.16"
  resolved "https://registry.yarnpkg.com/argparse/-/argparse-0.1.16.tgz#cfd01e0fbba3d6caed049fbd758d40f65196f57c"
  dependencies:
    underscore "~1.7.0"
    underscore.string "~2.4.0"

array-back@^1.0.3, array-back@^1.0.4:
  version "1.0.4"
  resolved "https://registry.yarnpkg.com/array-back/-/array-back-1.0.4.tgz#644ba7f095f7ffcf7c43b5f0dc39d3c1f03c063b"
  dependencies:
    typical "^2.6.0"

autolinker@~0.15.0:
  version "0.15.3"
  resolved "https://registry.yarnpkg.com/autolinker/-/autolinker-0.15.3.tgz#342417d8f2f3461b14cf09088d5edf8791dc9832"

bobril-flex-ie10@*:
  version "1.1.1"
  resolved "https://registry.yarnpkg.com/bobril-flex-ie10/-/bobril-flex-ie10-1.1.1.tgz#181b998f942b55036934f0a11e7d85d8689e9690"
  dependencies:
    bobril "*"

bobril-m-icons@*, bobril-m-icons@^2.0.0:
  version "2.0.0"
  resolved "https://registry.yarnpkg.com/bobril-m-icons/-/bobril-m-icons-2.0.0.tgz#3c792ce64640d6c5735006aee8b0d14368e56a50"
  dependencies:
    bobril "*"

bobril-m@^0.9.0:
  version "0.9.0"
  resolved "https://registry.yarnpkg.com/bobril-m/-/bobril-m-0.9.0.tgz#6826251325c3ed71875c71bbb310d762bda2e990"
  dependencies:
    bobril "*"
    bobril-flex-ie10 "*"
    bobril-m-icons "*"
    webfontloader "^1.6.21"

bobril@*, bobril@^7.2.0:
  version "7.2.0"
  resolved "https://registry.yarnpkg.com/bobril/-/bobril-7.2.0.tgz#f29ed2bbbdecbb1c730024aa247c86bcca137dc7"

command-line-args@^4.0.6:
  version "4.0.6"
  resolved "https://registry.yarnpkg.com/command-line-args/-/command-line-args-4.0.6.tgz#0ff87a1dd159890dcaeb2a005abdae71e55059fc"
  dependencies:
    array-back "^1.0.4"
    find-replace "^1.0.3"
    typical "^2.6.1"

find-replace@^1.0.3:
  version "1.0.3"
  resolved "https://registry.yarnpkg.com/find-replace/-/find-replace-1.0.3.tgz#b88e7364d2d9c959559f388c66670d6130441fa0"
  dependencies:
    array-back "^1.0.4"
    test-value "^2.1.0"

fs@0.0.1-security:
  version "0.0.1-security"
  resolved "https://registry.yarnpkg.com/fs/-/fs-0.0.1-security.tgz#8a7bd37186b6dddf3813f23858b57ecaaf5e41d4"

highlight.js@^9.12.0:
  version "9.12.0"
  resolved "https://registry.yarnpkg.com/highlight.js/-/highlight.js-9.12.0.tgz#e6d9dbe57cbefe60751f02af336195870c90c01e"

remarkable@^1.7.1:
  version "1.7.1"
  resolved "https://registry.yarnpkg.com/remarkable/-/remarkable-1.7.1.tgz#aaca4972100b66a642a63a1021ca4bac1be3bff6"
  dependencies:
    argparse "~0.1.15"
    autolinker "~0.15.0"

test-value@^2.1.0:
  version "2.1.0"
  resolved "https://registry.yarnpkg.com/test-value/-/test-value-2.1.0.tgz#11da6ff670f3471a73b625ca4f3fdcf7bb748291"
  dependencies:
    array-back "^1.0.3"
    typical "^2.6.0"

typical@^2.6.0, typical@^2.6.1:
  version "2.6.1"
  resolved "https://registry.yarnpkg.com/typical/-/typical-2.6.1.tgz#5c080e5d661cbbe38259d2e70a3c7253e873881d"

underscore.string@~2.4.0:
  version "2.4.0"
  resolved "https://registry.yarnpkg.com/underscore.string/-/underscore.string-2.4.0.tgz#8cdd8fbac4e2d2ea1e7e2e8097c42f442280f85b"

underscore@~1.7.0:
  version "1.7.0"
  resolved "https://registry.yarnpkg.com/underscore/-/underscore-1.7.0.tgz#6bbaf0877500d36be34ecaa584e0db9fef035209"

webfontloader@^1.6.21:
  version "1.6.27"
  resolved "https://registry.yarnpkg.com/webfontloader/-/webfontloader-1.6.27.tgz#c3899649b0653aa57d0a23388f82409e0df224ba"
