# THIS IS AN AUTOGENERATED FILE. DO NOT EDIT THIS FILE DIRECTLY.
# yarn lockfile v1


"@types/bootstrap-3-typeahead@^4.0.1":
  version "4.0.1"
  resolved "https://registry.yarnpkg.com/@types/bootstrap-3-typeahead/-/bootstrap-3-typeahead-4.0.1.tgz#2b45e196631095f9b8a4afde606dd8c12cf9e77f"
  integrity sha512-1TFxHxZEABxfJJQzgKLKpgcmd2KXKATv83WP7XwjQdWk0lXTXYcnWyYt7j7tQ1GrEZ0smUf7O3bQVSiRiRE+Xw==
  dependencies:
    "@types/jquery" "*"

"@types/bootstrap@^3.3.35":
  version "3.4.0"
  resolved "https://registry.yarnpkg.com/@types/bootstrap/-/bootstrap-3.4.0.tgz#7e74a2421b3984ce53ab459e979a99a78dd802c6"
  integrity sha512-LS05hVAAsX86qbHg7W+ydwBlNHrVCoFw6wEP3/uW4eYmRXl08bWmPeN/+onM+8qZTFfDgUlG/OItJI8SW972oQ==
  dependencies:
    "@types/jquery" "*"

"@types/jquery@*", "@types/jquery@^3.3.29":
  version "3.3.31"
  resolved "https://registry.yarnpkg.com/@types/jquery/-/jquery-3.3.31.tgz#27c706e4bf488474e1cb54a71d8303f37c93451b"
  integrity sha512-Lz4BAJihoFw5nRzKvg4nawXPzutkv7wmfQ5121avptaSIXlDNJCUuxZxX/G+9EVidZGuO0UBlk+YjKbwRKJigg==
  dependencies:
    "@types/sizzle" "*"

"@types/prismjs@1.16.0":
  version "1.16.0"
  resolved "https://registry.yarnpkg.com/@types/prismjs/-/prismjs-1.16.0.tgz#4328c9f65698e59f4feade8f4e5d928c748fd643"
  integrity sha512-mEyuziLrfDCQ4juQP1k706BUU/c8OGn/ZFl69AXXY6dStHClKX4P+N8+rhqpul1vRDA2VOygzMRSJJZHyDEOfw==

"@types/sizzle@*":
  version "2.3.2"
  resolved "https://registry.yarnpkg.com/@types/sizzle/-/sizzle-2.3.2.tgz#a811b8c18e2babab7d542b3365887ae2e4d9de47"
  integrity sha512-7EJYyKTL7tFR8+gDbB6Wwz/arpGa0Mywk1TJbNzKzHtzbwVmY4HR9WqS5VV7dsBUKQmPNr192jHr/VpBluj/hg==

bb-tslint-plugin@^1.2.2:
  version "1.2.2"
  resolved "https://registry.yarnpkg.com/bb-tslint-plugin/-/bb-tslint-plugin-1.2.2.tgz#df06b6eb154fd9c506fbce5cf8087c7df646b5e3"
  integrity sha512-KFlOJwq4rXWGollf/PbEV5EEng8tjWGTgEWLhdJcFvt71mlsuKy/YUt8AcjbIufLTc76P7byE8OZJkDXeQetrQ==

bobril@*, bobril@^13.1.1:
  version "13.1.1"
  resolved "https://registry.yarnpkg.com/bobril/-/bobril-13.1.1.tgz#e117b536c3021e4e24ba810bc63237d0fb948c97"
  integrity sha512-V86BHkprRETWDiYjBmWIIC3rLRwnOL2Gs8Ljg3+zOre8g7ecO7WP7x5Vlm4ny0fxoYq4/QwkgioUsAI+dkMFdA==

bobrilstrap@^3.2.2:
  version "3.2.2"
  resolved "https://registry.yarnpkg.com/bobrilstrap/-/bobrilstrap-3.2.2.tgz#5daf2add74c58ad711e2e270252698d7210f3cb8"
  integrity sha512-YsgGfpSmwbFIShQ90mtHRMSiYXXIcSH2Go/h0y7qNED4a3EZuG2gF0hCxwOTs2eZkTTxFFyZBoOQ1sYuhqiEfA==
  dependencies:
    "@types/bootstrap" "^3.3.35"
    "@types/bootstrap-3-typeahead" "^4.0.1"
    "@types/jquery" "^3.3.29"
    bobril "^13.1.1"
    bootstrap "^3.4.0"
    bootstrap-3-typeahead "^4.0.2"
    jquery "^3.3.1"

bobx@^0.27.1:
  version "0.27.1"
  resolved "https://registry.yarnpkg.com/bobx/-/bobx-0.27.1.tgz#063226f35bb8f37bc7c1689c4d20c217700914f7"
  integrity sha512-yN5NBdlQIXZmlCxIRZES26iaZBq0FjpK3HyuvypCgPjPw/BDB2hBKwrtxN8pTKPutUhpN5rRvh5I0CZi7kiABA==
  dependencies:
    bobril "*"

bootstrap-3-typeahead@^4.0.2:
  version "4.0.2"
  resolved "https://registry.yarnpkg.com/bootstrap-3-typeahead/-/bootstrap-3-typeahead-4.0.2.tgz#cb1c969044856862096fc8c71cc21b3acbb50412"
  integrity sha1-yxyWkESFaGIJb8jHHMIbOsu1BBI=

bootstrap@^3.4.0:
  version "3.4.1"
  resolved "https://registry.yarnpkg.com/bootstrap/-/bootstrap-3.4.1.tgz#c3a347d419e289ad11f4033e3c4132b87c081d72"
  integrity sha512-yN5oZVmRCwe5aKwzRj6736nSmKDX7pLYwsXiCj/EYmo16hODaBiT4En5btW/jhBF/seV+XMx3aYwukYC3A49DA==

bootswatch@3.4.1:
  version "3.4.1"
  resolved "https://registry.yarnpkg.com/bootswatch/-/bootswatch-3.4.1.tgz#50aed16fb04ec791c3dd8831515c29d4a757fdb9"
  integrity sha512-0hL4A8OUiqABgPipGrojf/hyhr5RS257xCNARlbK34HaMfhV5fXvwEooN4/ri9+jgX47J4Wg24ZPmfZ2xD2cKw==

clipboard@^2.0.0:
  version "2.0.4"
  resolved "https://registry.yarnpkg.com/clipboard/-/clipboard-2.0.4.tgz#836dafd66cf0fea5d71ce5d5b0bf6e958009112d"
  integrity sha512-Vw26VSLRpJfBofiVaFb/I8PVfdI1OxKcYShe6fm0sP/DtmiWQNCjhM/okTvdCo0G+lMMm1rMYbk4IK4x1X+kgQ==
  dependencies:
    good-listener "^1.2.2"
    select "^1.1.2"
    tiny-emitter "^2.0.0"

delegate@^3.1.2:
  version "3.2.0"
  resolved "https://registry.yarnpkg.com/delegate/-/delegate-3.2.0.tgz#b66b71c3158522e8ab5744f720d8ca0c2af59166"
  integrity sha512-IofjkYBZaZivn0V8nnsMJGBr4jVLxHDheKSW88PyxS5QC4Vo9ZbZVvhzlSxY87fVq3STR6r+4cGepyHkcWOQSw==

good-listener@^1.2.2:
  version "1.2.2"
  resolved "https://registry.yarnpkg.com/good-listener/-/good-listener-1.2.2.tgz#d53b30cdf9313dffb7dc9a0d477096aa6d145c50"
  integrity sha1-1TswzfkxPf+33JoNR3CWqm0UXFA=
  dependencies:
    delegate "^3.1.2"

jquery@^3.3.1:
  version "3.4.1"
  resolved "https://registry.yarnpkg.com/jquery/-/jquery-3.4.1.tgz#714f1f8d9dde4bdfa55764ba37ef214630d80ef2"
  integrity sha512-36+AdBzCL+y6qjw5Tx7HgzeGCzC81MDDgaUP8ld2zhx58HdqXGoBd+tHdrBMiyjGQs0Hxs/MLZTu/eHNJJuWPw==

prism-themes@1.3.0:
  version "1.3.0"
  resolved "https://registry.yarnpkg.com/prism-themes/-/prism-themes-1.3.0.tgz#72e6833c3296a2112b989fa63208c0ce7a4da3a8"
  integrity sha512-4hDQyNuBRyWVvwHeTH4yY5TIWrl6BHmhoh85kgfTFgwklGerWA3R2RFp7Sg0zPCnQS8SsloKsEIN3ao63KhiIw==

prismjs@1.16.0:
  version "1.16.0"
  resolved "https://registry.yarnpkg.com/prismjs/-/prismjs-1.16.0.tgz#406eb2c8aacb0f5f0f1167930cb83835d10a4308"
  integrity sha512-OA4MKxjFZHSvZcisLGe14THYsug/nF6O1f0pAJc0KN0wTyAcLqmsbE+lTGKSpyh+9pEW57+k6pg2AfYR+coyHA==
  optionalDependencies:
    clipboard "^2.0.0"

select@^1.1.2:
  version "1.1.2"
  resolved "https://registry.yarnpkg.com/select/-/select-1.1.2.tgz#0e7350acdec80b1108528786ec1d4418d11b396d"
  integrity sha1-DnNQrN7ICxEIUoeG7B1EGNEbOW0=

tiny-emitter@^2.0.0:
  version "2.1.0"
  resolved "https://registry.yarnpkg.com/tiny-emitter/-/tiny-emitter-2.1.0.tgz#1d1a56edfc51c43e863cbb5382a72330e3555423"
  integrity sha512-NB6Dk1A9xgQPMoGqC5CVXn123gWyte215ONT5Pp5a0yt4nlEoO1ZWeCwpncaekPHXO60i47ihFnZPiRPjRMq4Q==
